
Microsoft Visual Studio Solution File, Format Version 12.00
# Visual Studio Version 17
VisualStudioVersion = 17.3.32929.385
MinimumVisualStudioVersion = 10.0.40219.1
Project("{9A19103F-16F7-4668-BE54-9A1E7A4F7556}") = "GadgetBlitzZTPAI.WebClient", "GadgetBlitzZTPAI.WebClient\GadgetBlitzZTPAI.WebClient.csproj", "{B6511679-417B-469B-9816-4302DBB67487}"
EndProject
Project("{9A19103F-16F7-4668-BE54-9A1E7A4F7556}") = "GadgetBlitzZTPAI.Server", "GadgetBlitzZTPAI.Server\GadgetBlitzZTPAI.Server.csproj", "{3CFCF944-B1C1-4E4A-AABF-3878B6C0DCE4}"
EndProject
Project("{E53339B2-1760-4266-BCC7-CA923CBCF16C}") = "docker-compose", "docker-compose.dcproj", "{ED944CAB-50EC-4E69-95B2-C5F038A644CE}"
EndProject
Global
	GlobalSection(SolutionConfigurationPlatforms) = preSolution
		Debug|Any CPU = Debug|Any CPU
		Release|Any CPU = Release|Any CPU
	EndGlobalSection
	GlobalSection(ProjectConfigurationPlatforms) = postSolution
		{B6511679-417B-469B-9816-4302DBB67487}.Debug|Any CPU.ActiveCfg = Debug|Any CPU
		{B6511679-417B-469B-9816-4302DBB67487}.Debug|Any CPU.Build.0 = Debug|Any CPU
		{B6511679-417B-469B-9816-4302DBB67487}.Release|Any CPU.ActiveCfg = Release|Any CPU
		{B6511679-417B-469B-9816-4302DBB67487}.Release|Any CPU.Build.0 = Release|Any CPU
		{3CFCF944-B1C1-4E4A-AABF-3878B6C0DCE4}.Debug|Any CPU.ActiveCfg = Debug|Any CPU
		{3CFCF944-B1C1-4E4A-AABF-3878B6C0DCE4}.Debug|Any CPU.Build.0 = Debug|Any CPU
		{3CFCF944-B1C1-4E4A-AABF-3878B6C0DCE4}.Release|Any CPU.ActiveCfg = Release|Any CPU
		{3CFCF944-B1C1-4E4A-AABF-3878B6C0DCE4}.Release|Any CPU.Build.0 = Release|Any CPU
		{ED944CAB-50EC-4E69-95B2-C5F038A644CE}.Debug|Any CPU.ActiveCfg = Debug|Any CPU
		{ED944CAB-50EC-4E69-95B2-C5F038A644CE}.Debug|Any CPU.Build.0 = Debug|Any CPU
		{ED944CAB-50EC-4E69-95B2-C5F038A644CE}.Release|Any CPU.ActiveCfg = Release|Any CPU
		{ED944CAB-50EC-4E69-95B2-C5F038A644CE}.Release|Any CPU.Build.0 = Release|Any CPU
	EndGlobalSection
	GlobalSection(SolutionProperties) = preSolution
		HideSolutionNode = FALSE
	EndGlobalSection
	GlobalSection(ExtensibilityGlobals) = postSolution
		SolutionGuid = {A66CADDC-CCE5-46A2-8241-74806B9DA1B8}
	EndGlobalSection
EndGlobal
